Microsoft Visual Studio Solution File, Format Version 12.00
# Visual Studio Version 17
VisualStudioVersion = 17.5.2.0
MinimumVisualStudioVersion = 10.0.40219.1
Project("{FAE04EC0-301F-11D3-BF4B-00C04F79EFBC}") = "restauranteAPI", "backend\restauranteAPI.csproj", "{6E00075E-DC11-9866-296D-3DD86F126E74}"
EndProject
Global
	GlobalSection(SolutionConfigurationPlatforms) = preSolution
		Debug|Any CPU = Debug|Any CPU
		Release|Any CPU = Release|Any CPU
	EndGlobalSection
	GlobalSection(ProjectConfigurationPlatforms) = postSolution
		{6E00075E-DC11-9866-296D-3DD86F126E74}.Debug|Any CPU.ActiveCfg = Debug|Any CPU
		{6E00075E-DC11-9866-296D-3DD86F126E74}.Debug|Any CPU.Build.0 = Debug|Any CPU
		{6E00075E-DC11-9866-296D-3DD86F126E74}.Release|Any CPU.ActiveCfg = Release|Any CPU
		{6E00075E-DC11-9866-296D-3DD86F126E74}.Release|Any CPU.Build.0 = Release|Any CPU
	EndGlobalSection
	GlobalSection(SolutionProperties) = preSolution
		HideSolutionNode = FALSE
	EndGlobalSection
	GlobalSection(ExtensibilityGlobals) = postSolution
		SolutionGuid = {3291220A-3291-4951-A0DF-E48F2E383515}
	EndGlobalSection
EndGlobal
